{
  "name": "ag-lang",
  "lockfileVersion": 3,
  "requires": true,
  "packages": {
    "": {
      "workspaces": [
        "packages/*"
      ]
    },
    "node_modules/@agentscript/serve": {
      "resolved": "packages/agentscript-serve",
      "link": true
    },
    "node_modules/@agentscript/stdlib": {
      "resolved": "packages/agentscript-stdlib",
      "link": true
    },
    "node_modules/@hono/node-server": {
      "version": "1.19.9",
      "resolved": "https://registry.npmjs.org/@hono/node-server/-/node-server-1.19.9.tgz",
      "integrity": "sha512-vHL6w3ecZsky+8P5MD+eFfaGTyCeOHUIFYMGpQGbrBTSmNNoxv0if69rEZ5giu36weC5saFuznL411gRX7bJDw==",
      "license": "MIT",
      "engines": {
        "node": ">=18.14.1"
      },
      "peerDependencies": {
        "hono": "^4"
      }
    },
    "node_modules/hono": {
      "version": "4.11.9",
      "resolved": "https://registry.npmjs.org/hono/-/hono-4.11.9.tgz",
      "integrity": "sha512-Eaw2YTGM6WOxA6CXbckaEvslr2Ne4NFsKrvc0v97JD5awbmeBLO5w9Ho9L9kmKonrwF9RJlW6BxT1PVv/agBHQ==",
      "license": "MIT",
      "engines": {
        "node": ">=16.9.0"
      }
    },
    "packages/agentscript-serve": {
      "name": "@agentscript/serve",
      "version": "0.1.0",
      "dependencies": {
        "@hono/node-server": "^1.0.0"
      },
      "bin": {
        "agentscript-serve": "src/cli.js"
      },
      "peerDependencies": {
        "asc": "*"
      },
      "peerDependenciesMeta": {
        "asc": {
          "optional": true
        }
      }
    },
    "packages/agentscript-stdlib": {
      "name": "@agentscript/stdlib",
      "version": "0.1.0",
      "dependencies": {
        "hono": "^4.0.0"
      }
    }
  }
}
